// !$*UTF8*$!
{
	archiveVersion = 1;
	classes = {
	};
	objectVersion = 56;
	objects = {

/* Begin PBXBuildFile section */
		8A1B2C3D4E5F6A7B /* CribAlertApp.swift in Sources */ = {isa = PBXBuildFile; fileRef = 8A1B2C3D4E5F6A7C /* CribAlertApp.swift */; };
		8A1B2C3D4E5F6A7D /* AppState.swift in Sources */ = {isa = PBXBuildFile; fileRef = 8A1B2C3D4E5F6A7E /* AppState.swift */; };
		8A1B2C3D4E5F6A7F /* ContentView.swift in Sources */ = {isa = PBXBuildFile; fileRef = 8A1B2C3D4E5F6A80 /* ContentView.swift */; };
		8A1B2C3D4E5F6A81 /* Colors.swift in Sources */ = {isa = PBXBuildFile; fileRef = 8A1B2C3D4E5F6A82 /* Colors.swift */; };
		8A1B2C3D4E5F6A83 /* Typography.swift in Sources */ = {isa = PBXBuildFile; fileRef = 8A1B2C3D4E5F6A84 /* Typography.swift */; };
		8A1B2C3D4E5F6A85 /* Spacing.swift in Sources */ = {isa = PBXBuildFile; fileRef = 8A1B2C3D4E5F6A86 /* Spacing.swift */; };
		8A1B2C3D4E5F6A87 /* PrimaryButton.swift in Sources */ = {isa = PBXBuildFile; fileRef = 8A1B2C3D4E5F6A88 /* PrimaryButton.swift */; };
		8A1B2C3D4E5F6A89 /* SecondaryButton.swift in Sources */ = {isa = PBXBuildFile; fileRef = 8A1B2C3D4E5F6A8A /* SecondaryButton.swift */; };
		8A1B2C3D4E5F6A8B /* StatusCard.swift in Sources */ = {isa = PBXBuildFile; fileRef = 8A1B2C3D4E5F6A8C /* StatusCard.swift */; };
		8A1B2C3D4E5F6A8D /* ToggleRow.swift in Sources */ = {isa = PBXBuildFile; fileRef = 8A1B2C3D4E5F6A8E /* ToggleRow.swift */; };
		8A1B2C3D4E5F6A8F /* Assets.xcassets in Resources */ = {isa = PBXBuildFile; fileRef = 8A1B2C3D4E5F6A90 /* Assets.xcassets */; };
		8A1B2C3D4E5F6AB0 /* WelcomeView.swift in Sources */ = {isa = PBXBuildFile; fileRef = 8A1B2C3D4E5F6AB1 /* WelcomeView.swift */; };
		8A1B2C3D4E5F6AC0 /* BabyNameSetupView.swift in Sources */ = {isa = PBXBuildFile; fileRef = 8A1B2C3D4E5F6AC1 /* BabyNameSetupView.swift */; };
		8A1B2C3D4E5F6AC2 /* CameraPlacementView.swift in Sources */ = {isa = PBXBuildFile; fileRef = 8A1B2C3D4E5F6AC3 /* CameraPlacementView.swift */; };
		8A1B2C3D4E5F6AC4 /* DefineSleepAreaView.swift in Sources */ = {isa = PBXBuildFile; fileRef = 8A1B2C3D4E5F6AC5 /* DefineSleepAreaView.swift */; };
		8A1B2C3D4E5F6AC6 /* FinalSetupCheckView.swift in Sources */ = {isa = PBXBuildFile; fileRef = 8A1B2C3D4E5F6AC7 /* FinalSetupCheckView.swift */; };
		8A1B2C3D4E5F6AD0 /* MonitorView.swift in Sources */ = {isa = PBXBuildFile; fileRef = 8A1B2C3D4E5F6AD1 /* MonitorView.swift */; };
		8A1B2C3D4E5F6AD3 /* MonitorPausedView.swift in Sources */ = {isa = PBXBuildFile; fileRef = 8A1B2C3D4E5F6AD4 /* MonitorPausedView.swift */; };
		8A1B2C3D4E5F6AE0 /* SafetyAlertView.swift in Sources */ = {isa = PBXBuildFile; fileRef = 8A1B2C3D4E5F6AE1 /* SafetyAlertView.swift */; };
		8A1B2C3D4E5F6AE2 /* AlertTypes.swift in Sources */ = {isa = PBXBuildFile; fileRef = 8A1B2C3D4E5F6AE3 /* AlertTypes.swift */; };
/* End PBXBuildFile section */

/* Begin PBXFileReference section */
		8A1B2C3D4E5F6A91 /* CribAlert.app */ = {isa = PBXFileReference; explicitFileType = wrapper.application; includeInIndex = 0; path = CribAlert.app; sourceTree = BUILT_PRODUCTS_DIR; };
		8A1B2C3D4E5F6A7C /* CribAlertApp.swift */ = {isa = PBXFileReference; lastKnownFileType = sourcecode.swift; path = CribAlertApp.swift; sourceTree = "<group>"; };
		8A1B2C3D4E5F6A7E /* AppState.swift */ = {isa = PBXFileReference; lastKnownFileType = sourcecode.swift; path = AppState.swift; sourceTree = "<group>"; };
		8A1B2C3D4E5F6A80 /* ContentView.swift */ = {isa = PBXFileReference; lastKnownFileType = sourcecode.swift; path = ContentView.swift; sourceTree = "<group>"; };
		8A1B2C3D4E5F6A82 /* Colors.swift */ = {isa = PBXFileReference; lastKnownFileType = sourcecode.swift; path = Colors.swift; sourceTree = "<group>"; };
		8A1B2C3D4E5F6A84 /* Typography.swift */ = {isa = PBXFileReference; lastKnownFileType = sourcecode.swift; path = Typography.swift; sourceTree = "<group>"; };
		8A1B2C3D4E5F6A86 /* Spacing.swift */ = {isa = PBXFileReference; lastKnownFileType = sourcecode.swift; path = Spacing.swift; sourceTree = "<group>"; };
		8A1B2C3D4E5F6A88 /* PrimaryButton.swift */ = {isa = PBXFileReference; lastKnownFileType = sourcecode.swift; path = PrimaryButton.swift; sourceTree = "<group>"; };
		8A1B2C3D4E5F6A8A /* SecondaryButton.swift */ = {isa = PBXFileReference; lastKnownFileType = sourcecode.swift; path = SecondaryButton.swift; sourceTree = "<group>"; };
		8A1B2C3D4E5F6A8C /* StatusCard.swift */ = {isa = PBXFileReference; lastKnownFileType = sourcecode.swift; path = StatusCard.swift; sourceTree = "<group>"; };
		8A1B2C3D4E5F6A8E /* ToggleRow.swift */ = {isa = PBXFileReference; lastKnownFileType = sourcecode.swift; path = ToggleRow.swift; sourceTree = "<group>"; };
		8A1B2C3D4E5F6A90 /* Assets.xcassets */ = {isa = PBXFileReference; lastKnownFileType = folder.assetcatalog; path = Assets.xcassets; sourceTree = "<group>"; };
		8A1B2C3D4E5F6A92 /* Info.plist */ = {isa = PBXFileReference; lastKnownFileType = text.plist.xml; path = Info.plist; sourceTree = "<group>"; };
		8A1B2C3D4E5F6AB1 /* WelcomeView.swift */ = {isa = PBXFileReference; lastKnownFileType = sourcecode.swift; path = WelcomeView.swift; sourceTree = "<group>"; };
		8A1B2C3D4E5F6AC1 /* BabyNameSetupView.swift */ = {isa = PBXFileReference; lastKnownFileType = sourcecode.swift; path = BabyNameSetupView.swift; sourceTree = "<group>"; };
		8A1B2C3D4E5F6AC3 /* CameraPlacementView.swift */ = {isa = PBXFileReference; lastKnownFileType = sourcecode.swift; path = CameraPlacementView.swift; sourceTree = "<group>"; };
		8A1B2C3D4E5F6AC5 /* DefineSleepAreaView.swift */ = {isa = PBXFileReference; lastKnownFileType = sourcecode.swift; path = DefineSleepAreaView.swift; sourceTree = "<group>"; };
		8A1B2C3D4E5F6AC7 /* FinalSetupCheckView.swift */ = {isa = PBXFileReference; lastKnownFileType = sourcecode.swift; path = FinalSetupCheckView.swift; sourceTree = "<group>"; };
		8A1B2C3D4E5F6AD1 /* MonitorView.swift */ = {isa = PBXFileReference; lastKnownFileType = sourcecode.swift; path = MonitorView.swift; sourceTree = "<group>"; };
		8A1B2C3D4E5F6AD4 /* MonitorPausedView.swift */ = {isa = PBXFileReference; lastKnownFileType = sourcecode.swift; path = MonitorPausedView.swift; sourceTree = "<group>"; };
		8A1B2C3D4E5F6AE1 /* SafetyAlertView.swift */ = {isa = PBXFileReference; lastKnownFileType = sourcecode.swift; path = SafetyAlertView.swift; sourceTree = "<group>"; };
		8A1B2C3D4E5F6AE3 /* AlertTypes.swift */ = {isa = PBXFileReference; lastKnownFileType = sourcecode.swift; path = AlertTypes.swift; sourceTree = "<group>"; };
/* End PBXFileReference section */

/* Begin PBXFrameworksBuildPhase section */
		8A1B2C3D4E5F6A93 /* Frameworks */ = {
			isa = PBXFrameworksBuildPhase;
			buildActionMask = 2147483647;
			files = (
			);
			runOnlyForDeploymentPostprocessing = 0;
		};
/* End PBXFrameworksBuildPhase section */

/* Begin PBXGroup section */
		8A1B2C3D4E5F6A94 = {
			isa = PBXGroup;
			children = (
				8A1B2C3D4E5F6A95 /* CribAlert */,
				8A1B2C3D4E5F6A96 /* Products */,
			);
			sourceTree = "<group>";
		};
		8A1B2C3D4E5F6A96 /* Products */ = {
			isa = PBXGroup;
			children = (
				8A1B2C3D4E5F6A91 /* CribAlert.app */,
			);
			name = Products;
			sourceTree = "<group>";
		};
		8A1B2C3D4E5F6A95 /* CribAlert */ = {
			isa = PBXGroup;
			children = (
				8A1B2C3D4E5F6A97 /* App */,
				8A1B2C3D4E5F6A98 /* DesignSystem */,
				8A1B2C3D4E5F6A99 /* Features */,
				8A1B2C3D4E5F6A9A /* Services */,
				8A1B2C3D4E5F6A9B /* Models */,
				8A1B2C3D4E5F6A9C /* Resources */,
				8A1B2C3D4E5F6A92 /* Info.plist */,
			);
			path = CribAlert;
			sourceTree = "<group>";
		};
		8A1B2C3D4E5F6A97 /* App */ = {
			isa = PBXGroup;
			children = (
				8A1B2C3D4E5F6A7C /* CribAlertApp.swift */,
				8A1B2C3D4E5F6A7E /* AppState.swift */,
				8A1B2C3D4E5F6A80 /* ContentView.swift */,
			);
			path = App;
			sourceTree = "<group>";
		};
		8A1B2C3D4E5F6A98 /* DesignSystem */ = {
			isa = PBXGroup;
			children = (
				8A1B2C3D4E5F6A82 /* Colors.swift */,
				8A1B2C3D4E5F6A84 /* Typography.swift */,
				8A1B2C3D4E5F6A86 /* Spacing.swift */,
				8A1B2C3D4E5F6A9D /* Components */,
			);
			path = DesignSystem;
			sourceTree = "<group>";
		};
		8A1B2C3D4E5F6A9D /* Components */ = {
			isa = PBXGroup;
			children = (
				8A1B2C3D4E5F6A88 /* PrimaryButton.swift */,
				8A1B2C3D4E5F6A8A /* SecondaryButton.swift */,
				8A1B2C3D4E5F6A8C /* StatusCard.swift */,
				8A1B2C3D4E5F6A8E /* ToggleRow.swift */,
			);
			path = Components;
			sourceTree = "<group>";
		};
		8A1B2C3D4E5F6A99 /* Features */ = {
			isa = PBXGroup;
			children = (
				8A1B2C3D4E5F6AB2 /* Welcome */,
				8A1B2C3D4E5F6AC8 /* Setup */,
				8A1B2C3D4E5F6AD2 /* Monitor */,
				8A1B2C3D4E5F6AE4 /* Alerts */,
			);
			path = Features;
			sourceTree = "<group>";
		};
		8A1B2C3D4E5F6AE4 /* Alerts */ = {
			isa = PBXGroup;
			children = (
				8A1B2C3D4E5F6AE1 /* SafetyAlertView.swift */,
			);
			path = Alerts;
			sourceTree = "<group>";
		};
		8A1B2C3D4E5F6AD2 /* Monitor */ = {
			isa = PBXGroup;
			children = (
				8A1B2C3D4E5F6AD1 /* MonitorView.swift */,
				8A1B2C3D4E5F6AD4 /* MonitorPausedView.swift */,
			);
			path = Monitor;
			sourceTree = "<group>";
		};
		8A1B2C3D4E5F6AC8 /* Setup */ = {
			isa = PBXGroup;
			children = (
				8A1B2C3D4E5F6AC1 /* BabyNameSetupView.swift */,
				8A1B2C3D4E5F6AC3 /* CameraPlacementView.swift */,
				8A1B2C3D4E5F6AC5 /* DefineSleepAreaView.swift */,
				8A1B2C3D4E5F6AC7 /* FinalSetupCheckView.swift */,
			);
			path = Setup;
			sourceTree = "<group>";
		};
		8A1B2C3D4E5F6AB2 /* Welcome */ = {
			isa = PBXGroup;
			children = (
				8A1B2C3D4E5F6AB1 /* WelcomeView.swift */,
			);
			path = Welcome;
			sourceTree = "<group>";
		};
		8A1B2C3D4E5F6A9A /* Services */ = {
			isa = PBXGroup;
			children = (
			);
			path = Services;
			sourceTree = "<group>";
		};
		8A1B2C3D4E5F6A9B /* Models */ = {
			isa = PBXGroup;
			children = (
				8A1B2C3D4E5F6AE3 /* AlertTypes.swift */,
			);
			path = Models;
			sourceTree = "<group>";
		};
		8A1B2C3D4E5F6A9C /* Resources */ = {
			isa = PBXGroup;
			children = (
				8A1B2C3D4E5F6A90 /* Assets.xcassets */,
			);
			path = Resources;
			sourceTree = "<group>";
		};
/* End PBXGroup section */

/* Begin PBXNativeTarget section */
		8A1B2C3D4E5F6A9E /* CribAlert */ = {
			isa = PBXNativeTarget;
			buildConfigurationList = 8A1B2C3D4E5F6A9F /* Build configuration list for PBXNativeTarget "CribAlert" */;
			buildPhases = (
				8A1B2C3D4E5F6AA0 /* Sources */,
				8A1B2C3D4E5F6A93 /* Frameworks */,
				8A1B2C3D4E5F6AA1 /* Resources */,
			);
			buildRules = (
			);
			dependencies = (
			);
			name = CribAlert;
			productName = CribAlert;
			productReference = 8A1B2C3D4E5F6A91 /* CribAlert.app */;
			productType = "com.apple.product-type.application";
		};
/* End PBXNativeTarget section */

/* Begin PBXProject section */
		8A1B2C3D4E5F6AA2 /* Project object */ = {
			isa = PBXProject;
			attributes = {
				BuildIndependentTargetsInParallel = 1;
				LastSwiftUpdateCheck = 1520;
				LastUpgradeCheck = 1520;
				TargetAttributes = {
					8A1B2C3D4E5F6A9E = {
						CreatedOnToolsVersion = 15.2;
					};
				};
			};
			buildConfigurationList = 8A1B2C3D4E5F6AA3 /* Build configuration list for PBXProject "CribAlert" */;
			compatibilityVersion = "Xcode 14.0";
			developmentRegion = en;
			hasScannedForEncodings = 0;
			knownRegions = (
				en,
				Base,
			);
			mainGroup = 8A1B2C3D4E5F6A94;
			productRefGroup = 8A1B2C3D4E5F6A96 /* Products */;
			projectDirPath = "";
			projectRoot = "";
			targets = (
				8A1B2C3D4E5F6A9E /* CribAlert */,
			);
		};
/* End PBXProject section */

/* Begin PBXResourcesBuildPhase section */
		8A1B2C3D4E5F6AA1 /* Resources */ = {
			isa = PBXResourcesBuildPhase;
			buildActionMask = 2147483647;
			files = (
				8A1B2C3D4E5F6A8F /* Assets.xcassets in Resources */,
			);
			runOnlyForDeploymentPostprocessing = 0;
		};
/* End PBXResourcesBuildPhase section */

/* Begin PBXSourcesBuildPhase section */
		8A1B2C3D4E5F6AA0 /* Sources */ = {
			isa = PBXSourcesBuildPhase;
			buildActionMask = 2147483647;
			files = (
				8A1B2C3D4E5F6A7B /* CribAlertApp.swift in Sources */,
				8A1B2C3D4E5F6A7D /* AppState.swift in Sources */,
				8A1B2C3D4E5F6A7F /* ContentView.swift in Sources */,
				8A1B2C3D4E5F6A81 /* Colors.swift in Sources */,
				8A1B2C3D4E5F6A83 /* Typography.swift in Sources */,
				8A1B2C3D4E5F6A85 /* Spacing.swift in Sources */,
				8A1B2C3D4E5F6A87 /* PrimaryButton.swift in Sources */,
				8A1B2C3D4E5F6A89 /* SecondaryButton.swift in Sources */,
				8A1B2C3D4E5F6A8B /* StatusCard.swift in Sources */,
				8A1B2C3D4E5F6A8D /* ToggleRow.swift in Sources */,
				8A1B2C3D4E5F6AB0 /* WelcomeView.swift in Sources */,
				8A1B2C3D4E5F6AC0 /* BabyNameSetupView.swift in Sources */,
				8A1B2C3D4E5F6AC2 /* CameraPlacementView.swift in Sources */,
				8A1B2C3D4E5F6AC4 /* DefineSleepAreaView.swift in Sources */,
				8A1B2C3D4E5F6AC6 /* FinalSetupCheckView.swift in Sources */,
				8A1B2C3D4E5F6AD0 /* MonitorView.swift in Sources */,
				8A1B2C3D4E5F6AD3 /* MonitorPausedView.swift in Sources */,
				8A1B2C3D4E5F6AE0 /* SafetyAlertView.swift in Sources */,
				8A1B2C3D4E5F6AE2 /* AlertTypes.swift in Sources */,
			);
			runOnlyForDeploymentPostprocessing = 0;
		};
/* End PBXSourcesBuildPhase section */

/* Begin XCBuildConfiguration section */
		8A1B2C3D4E5F6AA4 /* Debug */ = {
			isa = XCBuildConfiguration;
			buildSettings = {
				ALWAYS_SEARCH_USER_PATHS = NO;
				ASSETCATALOG_COMPILER_APPICON_NAME = AppIcon;
				ASSETCATALOG_COMPILER_GLOBAL_ACCENT_COLOR_NAME = AccentColor;
				CODE_SIGN_STYLE = Automatic;
				CURRENT_PROJECT_VERSION = 1;
				DEVELOPMENT_ASSET_PATHS = "";
				ENABLE_PREVIEWS = YES;
				GENERATE_INFOPLIST_FILE = YES;
				INFOPLIST_FILE = CribAlert/Info.plist;
				INFOPLIST_KEY_CFBundleDisplayName = CribAlert;
				INFOPLIST_KEY_NSCameraUsageDescription = "CribAlert needs camera access to monitor your baby's sleep area. Video is analyzed on-device and never recorded or uploaded.";
				INFOPLIST_KEY_NSMicrophoneUsageDescription = "CribAlert uses the microphone to detect if your baby is crying. Audio is processed on-device and never recorded or uploaded.";
				INFOPLIST_KEY_UIApplicationSceneManifest_Generation = YES;
				INFOPLIST_KEY_UIApplicationSupportsIndirectInputEvents = YES;
				INFOPLIST_KEY_UILaunchScreen_Generation = YES;
				INFOPLIST_KEY_UISupportedInterfaceOrientations = UIInterfaceOrientationPortrait;
				IPHONEOS_DEPLOYMENT_TARGET = 16.0;
				LD_RUNPATH_SEARCH_PATHS = (
					"$(inherited)",
					"@executable_path/Frameworks",
				);
				MARKETING_VERSION = 1.0.0;
				PRODUCT_BUNDLE_IDENTIFIER = com.cribalert.app;
				PRODUCT_NAME = "$(TARGET_NAME)";
				SWIFT_EMIT_LOC_STRINGS = YES;
				SWIFT_VERSION = 5.0;
				TARGETED_DEVICE_FAMILY = "1,2";
			};
			name = Debug;
		};
		8A1B2C3D4E5F6AA5 /* Release */ = {
			isa = XCBuildConfiguration;
			buildSettings = {
				ALWAYS_SEARCH_USER_PATHS = NO;
				ASSETCATALOG_COMPILER_APPICON_NAME = AppIcon;
				ASSETCATALOG_COMPILER_GLOBAL_ACCENT_COLOR_NAME = AccentColor;
				CODE_SIGN_STYLE = Automatic;
				CURRENT_PROJECT_VERSION = 1;
				DEVELOPMENT_ASSET_PATHS = "";
				ENABLE_PREVIEWS = YES;
				GENERATE_INFOPLIST_FILE = YES;
				INFOPLIST_FILE = CribAlert/Info.plist;
				INFOPLIST_KEY_CFBundleDisplayName = CribAlert;
				INFOPLIST_KEY_NSCameraUsageDescription = "CribAlert needs camera access to monitor your baby's sleep area. Video is analyzed on-device and never recorded or uploaded.";
				INFOPLIST_KEY_NSMicrophoneUsageDescription = "CribAlert uses the microphone to detect if your baby is crying. Audio is processed on-device and never recorded or uploaded.";
				INFOPLIST_KEY_UIApplicationSceneManifest_Generation = YES;
				INFOPLIST_KEY_UIApplicationSupportsIndirectInputEvents = YES;
				INFOPLIST_KEY_UILaunchScreen_Generation = YES;
				INFOPLIST_KEY_UISupportedInterfaceOrientations = UIInterfaceOrientationPortrait;
				IPHONEOS_DEPLOYMENT_TARGET = 16.0;
				LD_RUNPATH_SEARCH_PATHS = (
					"$(inherited)",
					"@executable_path/Frameworks",
				);
				MARKETING_VERSION = 1.0.0;
				PRODUCT_BUNDLE_IDENTIFIER = com.cribalert.app;
				PRODUCT_NAME = "$(TARGET_NAME)";
				SWIFT_EMIT_LOC_STRINGS = YES;
				SWIFT_VERSION = 5.0;
				TARGETED_DEVICE_FAMILY = "1,2";
			};
			name = Release;
		};
		8A1B2C3D4E5F6AA6 /* Debug */ = {
			isa = XCBuildConfiguration;
			buildSettings = {
				ALWAYS_SEARCH_USER_PATHS = NO;
				CLANG_ANALYZER_NONNULL = YES;
				CLANG_ANALYZER_NUMBER_OBJECT_CONVERSION = YES_AGGRESSIVE;
				CLANG_CXX_LANGUAGE_STANDARD = "gnu++20";
				CLANG_ENABLE_MODULES = YES;
				CLANG_ENABLE_OBJC_ARC = YES;
				CLANG_ENABLE_OBJC_WEAK = YES;
				CLANG_WARN_BLOCK_CAPTURE_AUTORELEASING = YES;
				CLANG_WARN_BOOL_CONVERSION = YES;
				CLANG_WARN_COMMA = YES;
				CLANG_WARN_CONSTANT_CONVERSION = YES;
				CLANG_WARN_DEPRECATED_OBJC_IMPLEMENTATIONS = YES;
				CLANG_WARN_DIRECT_OBJC_ISA_USAGE = YES_ERROR;
				CLANG_WARN_DOCUMENTATION_COMMENTS = YES;
				CLANG_WARN_EMPTY_BODY = YES;
				CLANG_WARN_ENUM_CONVERSION = YES;
				CLANG_WARN_INFINITE_RECURSION = YES;
				CLANG_WARN_INT_CONVERSION = YES;
				CLANG_WARN_NON_LITERAL_NULL_CONVERSION = YES;
				CLANG_WARN_OBJC_IMPLICIT_RETAIN_SELF = YES;
				CLANG_WARN_OBJC_LITERAL_CONVERSION = YES;
				CLANG_WARN_OBJC_ROOT_CLASS = YES_ERROR;
				CLANG_WARN_QUOTED_INCLUDE_IN_FRAMEWORK_HEADER = YES;
				CLANG_WARN_RANGE_LOOP_ANALYSIS = YES;
				CLANG_WARN_STRICT_PROTOTYPES = YES;
				CLANG_WARN_SUSPICIOUS_MOVE = YES;
				CLANG_WARN_UNGUARDED_AVAILABILITY = YES_AGGRESSIVE;
				CLANG_WARN_UNREACHABLE_CODE = YES;
				CLANG_WARN__DUPLICATE_METHOD_MATCH = YES;
				COPY_PHASE_STRIP = NO;
				DEBUG_INFORMATION_FORMAT = dwarf;
				ENABLE_STRICT_OBJC_MSGSEND = YES;
				ENABLE_TESTABILITY = YES;
				ENABLE_USER_SCRIPT_SANDBOXING = YES;
				GCC_C_LANGUAGE_STANDARD = gnu17;
				GCC_DYNAMIC_NO_PIC = NO;
				GCC_NO_COMMON_BLOCKS = YES;
				GCC_OPTIMIZATION_LEVEL = 0;
				GCC_PREPROCESSOR_DEFINITIONS = (
					"DEBUG=1",
					"$(inherited)",
				);
				GCC_WARN_64_TO_32_BIT_CONVERSION = YES;
				GCC_WARN_ABOUT_RETURN_TYPE = YES_ERROR;
				GCC_WARN_UNDECLARED_SELECTOR = YES;
				GCC_WARN_UNINITIALIZED_AUTOS = YES_AGGRESSIVE;
				GCC_WARN_UNUSED_FUNCTION = YES;
				GCC_WARN_UNUSED_VARIABLE = YES;
				IPHONEOS_DEPLOYMENT_TARGET = 16.0;
				LOCALIZATION_PREFERS_STRING_CATALOGS = YES;
				MTL_ENABLE_DEBUG_INFO = INCLUDE_SOURCE;
				MTL_FAST_MATH = YES;
				ONLY_ACTIVE_ARCH = YES;
				SDKROOT = iphoneos;
				SWIFT_ACTIVE_COMPILATION_CONDITIONS = "DEBUG $(inherited)";
				SWIFT_OPTIMIZATION_LEVEL = "-Onone";
			};
			name = Debug;
		};
		8A1B2C3D4E5F6AA7 /* Release */ = {
			isa = XCBuildConfiguration;
			buildSettings = {
				ALWAYS_SEARCH_USER_PATHS = NO;
				CLANG_ANALYZER_NONNULL = YES;
				CLANG_ANALYZER_NUMBER_OBJECT_CONVERSION = YES_AGGRESSIVE;
				CLANG_CXX_LANGUAGE_STANDARD = "gnu++20";
				CLANG_ENABLE_MODULES = YES;
				CLANG_ENABLE_OBJC_ARC = YES;
				CLANG_ENABLE_OBJC_WEAK = YES;
				CLANG_WARN_BLOCK_CAPTURE_AUTORELEASING = YES;
				CLANG_WARN_BOOL_CONVERSION = YES;
				CLANG_WARN_COMMA = YES;
				CLANG_WARN_CONSTANT_CONVERSION = YES;
				CLANG_WARN_DEPRECATED_OBJC_IMPLEMENTATIONS = YES;
				CLANG_WARN_DIRECT_OBJC_ISA_USAGE = YES_ERROR;
				CLANG_WARN_DOCUMENTATION_COMMENTS = YES;
				CLANG_WARN_EMPTY_BODY = YES;
				CLANG_WARN_ENUM_CONVERSION = YES;
				CLANG_WARN_INFINITE_RECURSION = YES;
				CLANG_WARN_INT_CONVERSION = YES;
				CLANG_WARN_NON_LITERAL_NULL_CONVERSION = YES;
				CLANG_WARN_OBJC_IMPLICIT_RETAIN_SELF = YES;
				CLANG_WARN_OBJC_LITERAL_CONVERSION = YES;
				CLANG_WARN_OBJC_ROOT_CLASS = YES_ERROR;
				CLANG_WARN_QUOTED_INCLUDE_IN_FRAMEWORK_HEADER = YES;
				CLANG_WARN_RANGE_LOOP_ANALYSIS = YES;
				CLANG_WARN_STRICT_PROTOTYPES = YES;
				CLANG_WARN_SUSPICIOUS_MOVE = YES;
				CLANG_WARN_UNGUARDED_AVAILABILITY = YES_AGGRESSIVE;
				CLANG_WARN_UNREACHABLE_CODE = YES;
				CLANG_WARN__DUPLICATE_METHOD_MATCH = YES;
				COPY_PHASE_STRIP = NO;
				DEBUG_INFORMATION_FORMAT = "dwarf-with-dsym";
				ENABLE_NS_ASSERTIONS = NO;
				ENABLE_STRICT_OBJC_MSGSEND = YES;
				ENABLE_USER_SCRIPT_SANDBOXING = YES;
				GCC_C_LANGUAGE_STANDARD = gnu17;
				GCC_NO_COMMON_BLOCKS = YES;
				GCC_WARN_64_TO_32_BIT_CONVERSION = YES;
				GCC_WARN_ABOUT_RETURN_TYPE = YES_ERROR;
				GCC_WARN_UNDECLARED_SELECTOR = YES;
				GCC_WARN_UNINITIALIZED_AUTOS = YES_AGGRESSIVE;
				GCC_WARN_UNUSED_FUNCTION = YES;
				GCC_WARN_UNUSED_VARIABLE = YES;
				IPHONEOS_DEPLOYMENT_TARGET = 16.0;
				LOCALIZATION_PREFERS_STRING_CATALOGS = YES;
				MTL_ENABLE_DEBUG_INFO = NO;
				MTL_FAST_MATH = YES;
				SDKROOT = iphoneos;
				SWIFT_COMPILATION_MODE = wholemodule;
				VALIDATE_PRODUCT = YES;
			};
			name = Release;
		};
/* End XCBuildConfiguration section */

/* Begin XCConfigurationList section */
		8A1B2C3D4E5F6A9F /* Build configuration list for PBXNativeTarget "CribAlert" */ = {
			isa = XCConfigurationList;
			buildConfigurations = (
				8A1B2C3D4E5F6AA4 /* Debug */,
				8A1B2C3D4E5F6AA5 /* Release */,
			);
			defaultConfigurationIsVisible = 0;
			defaultConfigurationName = Release;
		};
		8A1B2C3D4E5F6AA3 /* Build configuration list for PBXProject "CribAlert" */ = {
			isa = XCConfigurationList;
			buildConfigurations = (
				8A1B2C3D4E5F6AA6 /* Debug */,
				8A1B2C3D4E5F6AA7 /* Release */,
			);
			defaultConfigurationIsVisible = 0;
			defaultConfigurationName = Release;
		};
/* End XCConfigurationList section */
	};
	rootObject = 8A1B2C3D4E5F6AA2 /* Project object */;
}
